
Microsoft Visual Studio Solution File, Format Version 12.00
# Visual Studio Version 16
VisualStudioVersion = 16.0.30907.101
MinimumVisualStudioVersion = 10.0.40219.1
Project("{FAE04EC0-301F-11D3-BF4B-00C04F79EFBC}") = "DataAccess", "DataAccess\DataAccess.csproj", "{09D659EE-E425-461B-ACDE-04CD25BD8DBF}"
EndProject
Project("{FAE04EC0-301F-11D3-BF4B-00C04F79EFBC}") = "Business", "Business\Business.csproj", "{7887A0B8-E63B-4A85-B0B9-73F74522CB85}"
EndProject
Project("{FAE04EC0-301F-11D3-BF4B-00C04F79EFBC}") = "Entities", "Entities\Entities.csproj", "{1908B691-4FAB-492B-8C91-F0D64085E960}"
EndProject
Project("{FAE04EC0-301F-11D3-BF4B-00C04F79EFBC}") = "ConsoleUI", "ConsoleUI\ConsoleUI.csproj", "{38C7210C-B270-4B68-869D-89677B2C3949}"
EndProject
Global
	GlobalSection(SolutionConfigurationPlatforms) = preSolution
		Debug|Any CPU = Debug|Any CPU
		Release|Any CPU = Release|Any CPU
	EndGlobalSection
	GlobalSection(ProjectConfigurationPlatforms) = postSolution
		{09D659EE-E425-461B-ACDE-04CD25BD8DBF}.Debug|Any CPU.ActiveCfg = Debug|Any CPU
		{09D659EE-E425-461B-ACDE-04CD25BD8DBF}.Debug|Any CPU.Build.0 = Debug|Any CPU
		{09D659EE-E425-461B-ACDE-04CD25BD8DBF}.Release|Any CPU.ActiveCfg = Release|Any CPU
		{09D659EE-E425-461B-ACDE-04CD25BD8DBF}.Release|Any CPU.Build.0 = Release|Any CPU
		{7887A0B8-E63B-4A85-B0B9-73F74522CB85}.Debug|Any CPU.ActiveCfg = Debug|Any CPU
		{7887A0B8-E63B-4A85-B0B9-73F74522CB85}.Debug|Any CPU.Build.0 = Debug|Any CPU
		{7887A0B8-E63B-4A85-B0B9-73F74522CB85}.Release|Any CPU.ActiveCfg = Release|Any CPU
		{7887A0B8-E63B-4A85-B0B9-73F74522CB85}.Release|Any CPU.Build.0 = Release|Any CPU
		{1908B691-4FAB-492B-8C91-F0D64085E960}.Debug|Any CPU.ActiveCfg = Debug|Any CPU
		{1908B691-4FAB-492B-8C91-F0D64085E960}.Debug|Any CPU.Build.0 = Debug|Any CPU
		{1908B691-4FAB-492B-8C91-F0D64085E960}.Release|Any CPU.ActiveCfg = Release|Any CPU
		{1908B691-4FAB-492B-8C91-F0D64085E960}.Release|Any CPU.Build.0 = Release|Any CPU
		{38C7210C-B270-4B68-869D-89677B2C3949}.Debug|Any CPU.ActiveCfg = Debug|Any CPU
		{38C7210C-B270-4B68-869D-89677B2C3949}.Debug|Any CPU.Build.0 = Debug|Any CPU
		{38C7210C-B270-4B68-869D-89677B2C3949}.Release|Any CPU.ActiveCfg = Release|Any CPU
		{38C7210C-B270-4B68-869D-89677B2C3949}.Release|Any CPU.Build.0 = Release|Any CPU
	EndGlobalSection
	GlobalSection(SolutionProperties) = preSolution
		HideSolutionNode = FALSE
	EndGlobalSection
	GlobalSection(ExtensibilityGlobals) = postSolution
		SolutionGuid = {4D615F21-73B5-4B6E-8C5A-43D72A1E13BF}
	EndGlobalSection
EndGlobal
